{
  "version": "3",
  "packages": {
    "specifiers": {
      "npm:azure-kusto-data": "npm:azure-kusto-data@5.2.3"
    },
    "npm": {
      "@azure/abort-controller@1.1.0": {
        "integrity": "sha512-TrRLIoSQVzfAJX9H1JeFjzAoDGcoK1IYX1UImfceTZpsyYfWr09Ss1aHW1y5TrrR3iq6RZLBwJ3E24uwPhwahw==",
        "dependencies": {
          "tslib": "tslib@2.6.2"
        }
      },
      "@azure/core-auth@1.5.0": {
        "integrity": "sha512-udzoBuYG1VBoHVohDTrvKjyzel34zt77Bhp7dQntVGGD0ehVq48owENbBG8fIgkHRNUBQH5k1r0hpoMu5L8+kw==",
        "dependencies": {
          "@azure/abort-controller": "@azure/abort-controller@1.1.0",
          "@azure/core-util": "@azure/core-util@1.6.1",
          "tslib": "tslib@2.6.2"
        }
      },
      "@azure/core-client@1.7.3": {
        "integrity": "sha512-kleJ1iUTxcO32Y06dH9Pfi9K4U+Tlb111WXEnbt7R/ne+NLRwppZiTGJuTD5VVoxTMK5NTbEtm5t2vcdNCFe2g==",
        "dependencies": {
          "@azure/abort-controller": "@azure/abort-controller@1.1.0",
          "@azure/core-auth": "@azure/core-auth@1.5.0",
          "@azure/core-rest-pipeline": "@azure/core-rest-pipeline@1.12.2",
          "@azure/core-tracing": "@azure/core-tracing@1.0.1",
          "@azure/core-util": "@azure/core-util@1.6.1",
          "@azure/logger": "@azure/logger@1.0.4",
          "tslib": "tslib@2.6.2"
        }
      },
      "@azure/core-rest-pipeline@1.12.2": {
        "integrity": "sha512-wLLJQdL4v1yoqYtEtjKNjf8pJ/G/BqVomAWxcKOR1KbZJyCEnCv04yks7Y1NhJ3JzxbDs307W67uX0JzklFdCg==",
        "dependencies": {
          "@azure/abort-controller": "@azure/abort-controller@1.1.0",
          "@azure/core-auth": "@azure/core-auth@1.5.0",
          "@azure/core-tracing": "@azure/core-tracing@1.0.1",
          "@azure/core-util": "@azure/core-util@1.6.1",
          "@azure/logger": "@azure/logger@1.0.4",
          "form-data": "form-data@4.0.0",
          "http-proxy-agent": "http-proxy-agent@5.0.0",
          "https-proxy-agent": "https-proxy-agent@5.0.1",
          "tslib": "tslib@2.6.2"
        }
      },
      "@azure/core-tracing@1.0.1": {
        "integrity": "sha512-I5CGMoLtX+pI17ZdiFJZgxMJApsK6jjfm85hpgp3oazCdq5Wxgh4wMr7ge/TTWW1B5WBuvIOI1fMU/FrOAMKrw==",
        "dependencies": {
          "tslib": "tslib@2.6.2"
        }
      },
      "@azure/core-util@1.6.1": {
        "integrity": "sha512-h5taHeySlsV9qxuK64KZxy4iln1BtMYlNt5jbuEFN3UFSAd1EwKg/Gjl5a6tZ/W8t6li3xPnutOx7zbDyXnPmQ==",
        "dependencies": {
          "@azure/abort-controller": "@azure/abort-controller@1.1.0",
          "tslib": "tslib@2.6.2"
        }
      },
      "@azure/identity@3.3.2": {
        "integrity": "sha512-aDLwgMXpNBEXOlfCP9r5Rn+inmbnTbadlOnrKI2dPS9Lpf4gHvpYBV+DEZKttakfJ+qn4iWWb7zONQSO3A4XSA==",
        "dependencies": {
          "@azure/abort-controller": "@azure/abort-controller@1.1.0",
          "@azure/core-auth": "@azure/core-auth@1.5.0",
          "@azure/core-client": "@azure/core-client@1.7.3",
          "@azure/core-rest-pipeline": "@azure/core-rest-pipeline@1.12.2",
          "@azure/core-tracing": "@azure/core-tracing@1.0.1",
          "@azure/core-util": "@azure/core-util@1.6.1",
          "@azure/logger": "@azure/logger@1.0.4",
          "@azure/msal-browser": "@azure/msal-browser@2.38.3",
          "@azure/msal-common": "@azure/msal-common@13.3.1",
          "@azure/msal-node": "@azure/msal-node@1.18.4",
          "events": "events@3.3.0",
          "jws": "jws@4.0.0",
          "open": "open@8.4.2",
          "stoppable": "stoppable@1.1.0",
          "tslib": "tslib@2.6.2",
          "uuid": "uuid@8.3.2"
        }
      },
      "@azure/logger@1.0.4": {
        "integrity": "sha512-ustrPY8MryhloQj7OWGe+HrYx+aoiOxzbXTtgblbV3xwCqpzUK36phH3XNHQKj3EPonyFUuDTfR3qFhTEAuZEg==",
        "dependencies": {
          "tslib": "tslib@2.6.2"
        }
      },
      "@azure/msal-browser@2.38.3": {
        "integrity": "sha512-2WuLFnWWPR1IdvhhysT18cBbkXx1z0YIchVss5AwVA95g7CU5CpT3d+5BcgVGNXDXbUU7/5p0xYHV99V5z8C/A==",
        "dependencies": {
          "@azure/msal-common": "@azure/msal-common@13.3.1"
        }
      },
      "@azure/msal-common@13.3.1": {
        "integrity": "sha512-Lrk1ozoAtaP/cp53May3v6HtcFSVxdFrg2Pa/1xu5oIvsIwhxW6zSPibKefCOVgd5osgykMi5jjcZHv8XkzZEQ==",
        "dependencies": {}
      },
      "@azure/msal-common@7.6.0": {
        "integrity": "sha512-XqfbglUTVLdkHQ8F9UQJtKseRr3sSnr9ysboxtoswvaMVaEfvyLtMoHv9XdKUfOc0qKGzNgRFd9yRjIWVepl6Q==",
        "dependencies": {}
      },
      "@azure/msal-node@1.18.4": {
        "integrity": "sha512-Kc/dRvhZ9Q4+1FSfsTFDME/v6+R2Y1fuMty/TfwqE5p9GTPw08BPbKgeWinE8JRHRp+LemjQbUZsn4Q4l6Lszg==",
        "dependencies": {
          "@azure/msal-common": "@azure/msal-common@13.3.1",
          "jsonwebtoken": "jsonwebtoken@9.0.2",
          "uuid": "uuid@8.3.2"
        }
      },
      "@tootallnate/once@2.0.0": {
        "integrity": "sha512-XCuKFP5PS55gnMVu3dty8KPatLqUoy/ZYzDzAGCQ8JNFCkLXzmI7vNHCR+XpbZaMWQK/vQubr7PkYq8g470J/A==",
        "dependencies": {}
      },
      "@types/uuid@8.3.4": {
        "integrity": "sha512-c/I8ZRb51j+pYGAu5CrFMRxqZ2ke4y2grEBO5AUjgSkSk+qT2Ea+OdWElz/OiMf5MNpn2b17kuVBwZLQJXzihw==",
        "dependencies": {}
      },
      "agent-base@6.0.2": {
        "integrity": "sha512-RZNwNclF7+MS/8bDg70amg32dyeZGZxiDuQmZxKLAlQjr3jGyLx+4Kkk58UO7D2QdgFIQCovuSuZESne6RG6XQ==",
        "dependencies": {
          "debug": "debug@4.3.4"
        }
      },
      "asynckit@0.4.0": {
        "integrity": "sha512-Oei9OH4tRh0YqU3GxhX79dM/mwVgvbZJaSNaRk+bshkj0S5cfHcgYakreBjrHwatXKbz+IoIdYLxrKim2MjW0Q==",
        "dependencies": {}
      },
      "axios@1.6.2": {
        "integrity": "sha512-7i24Ri4pmDRfJTR7LDBhsOTtcm+9kjX5WiY1X3wIisx6G9So3pfMkEiU7emUBe46oceVImccTEM3k6C5dbVW8A==",
        "dependencies": {
          "follow-redirects": "follow-redirects@1.15.3",
          "form-data": "form-data@4.0.0",
          "proxy-from-env": "proxy-from-env@1.1.0"
        }
      },
      "azure-kusto-data@5.2.3": {
        "integrity": "sha512-FtTcEMBOutGjmNn7HsN2MadXrsRpzKfQToqB/D5KTo3EJx2/XG0uPXZtqVi+ZbFPQBGp293H9NYe4ZUU7YIi9g==",
        "dependencies": {
          "@azure/identity": "@azure/identity@3.3.2",
          "@azure/msal-common": "@azure/msal-common@7.6.0",
          "@types/uuid": "@types/uuid@8.3.4",
          "axios": "axios@1.6.2",
          "follow-redirects": "follow-redirects@1.15.3",
          "https-browserify": "https-browserify@1.0.0",
          "stream-http": "stream-http@3.2.0",
          "uuid": "uuid@8.3.2"
        }
      },
      "buffer-equal-constant-time@1.0.1": {
        "integrity": "sha512-zRpUiDwd/xk6ADqPMATG8vc9VPrkck7T07OIx0gnjmJAnHnTVXNQG3vfvWNuiZIkwu9KrKdA1iJKfsfTVxE6NA==",
        "dependencies": {}
      },
      "builtin-status-codes@3.0.0": {
        "integrity": "sha512-HpGFw18DgFWlncDfjTa2rcQ4W88O1mC8e8yZ2AvQY5KDaktSTwo+KRf6nHK6FRI5FyRyb/5T6+TSxfP7QyGsmQ==",
        "dependencies": {}
      },
      "combined-stream@1.0.8": {
        "integrity": "sha512-FQN4MRfuJeHf7cBbBMJFXhKSDq+2kAArBlmRBvcvFE5BB1HZKXtSFASDhdlz9zOYwxh8lDdnvmMOe/+5cdoEdg==",
        "dependencies": {
          "delayed-stream": "delayed-stream@1.0.0"
        }
      },
      "debug@4.3.4": {
        "integrity": "sha512-PRWFHuSU3eDtQJPvnNY7Jcket1j0t5OuOsFzPPzsekD52Zl8qUfFIPEiswXqIvHWGVHOgX+7G/vCNNhehwxfkQ==",
        "dependencies": {
          "ms": "ms@2.1.2"
        }
      },
      "define-lazy-prop@2.0.0": {
        "integrity": "sha512-Ds09qNh8yw3khSjiJjiUInaGX9xlqZDY7JVryGxdxV7NPeuqQfplOpQ66yJFZut3jLa5zOwkXw1g9EI2uKh4Og==",
        "dependencies": {}
      },
      "delayed-stream@1.0.0": {
        "integrity": "sha512-ZySD7Nf91aLB0RxL4KGrKHBXl7Eds1DAmEdcoVawXnLD7SDhpNgtuII2aAkg7a7QS41jxPSZ17p4VdGnMHk3MQ==",
        "dependencies": {}
      },
      "ecdsa-sig-formatter@1.0.11": {
        "integrity": "sha512-nagl3RYrbNv6kQkeJIpt6NJZy8twLB/2vtz6yN9Z4vRKHN4/QZJIEbqohALSgwKdnksuY3k5Addp5lg8sVoVcQ==",
        "dependencies": {
          "safe-buffer": "safe-buffer@5.2.1"
        }
      },
      "events@3.3.0": {
        "integrity": "sha512-mQw+2fkQbALzQ7V0MY0IqdnXNOeTtP4r0lN9z7AAawCXgqea7bDii20AYrIBrFd/Hx0M2Ocz6S111CaFkUcb0Q==",
        "dependencies": {}
      },
      "follow-redirects@1.15.3": {
        "integrity": "sha512-1VzOtuEM8pC9SFU1E+8KfTjZyMztRsgEfwQl44z8A25uy13jSzTj6dyK2Df52iV0vgHCfBwLhDWevLn95w5v6Q==",
        "dependencies": {}
      },
      "form-data@4.0.0": {
        "integrity": "sha512-ETEklSGi5t0QMZuiXoA/Q6vcnxcLQP5vdugSpuAyi6SVGi2clPPp+xgEhuMaHC+zGgn31Kd235W35f7Hykkaww==",
        "dependencies": {
          "asynckit": "asynckit@0.4.0",
          "combined-stream": "combined-stream@1.0.8",
          "mime-types": "mime-types@2.1.35"
        }
      },
      "http-proxy-agent@5.0.0": {
        "integrity": "sha512-n2hY8YdoRE1i7r6M0w9DIw5GgZN0G25P8zLCRQ8rjXtTU3vsNFBI/vWK/UIeE6g5MUUz6avwAPXmL6Fy9D/90w==",
        "dependencies": {
          "@tootallnate/once": "@tootallnate/once@2.0.0",
          "agent-base": "agent-base@6.0.2",
          "debug": "debug@4.3.4"
        }
      },
      "https-browserify@1.0.0": {
        "integrity": "sha512-J+FkSdyD+0mA0N+81tMotaRMfSL9SGi+xpD3T6YApKsc3bGSXJlfXri3VyFOeYkfLRQisDk1W+jIFFKBeUBbBg==",
        "dependencies": {}
      },
      "https-proxy-agent@5.0.1": {
        "integrity": "sha512-dFcAjpTQFgoLMzC2VwU+C/CbS7uRL0lWmxDITmqm7C+7F0Odmj6s9l6alZc6AELXhrnggM2CeWSXHGOdX2YtwA==",
        "dependencies": {
          "agent-base": "agent-base@6.0.2",
          "debug": "debug@4.3.4"
        }
      },
      "inherits@2.0.4": {
        "integrity": "sha512-k/vGaX4/Yla3WzyMCvTQOXYeIHvqOKtnqBduzTHpzpQZzAskKMhZ2K+EnBiSM9zGSoIFeMpXKxa4dYeZIQqewQ==",
        "dependencies": {}
      },
      "is-docker@2.2.1": {
        "integrity": "sha512-F+i2BKsFrH66iaUFc0woD8sLy8getkwTwtOBjvs56Cx4CgJDeKQeqfz8wAYiSb8JOprWhHH5p77PbmYCvvUuXQ==",
        "dependencies": {}
      },
      "is-wsl@2.2.0": {
        "integrity": "sha512-fKzAra0rGJUUBwGBgNkHZuToZcn+TtXHpeCgmkMJMMYx1sQDYaCSyjJBSCa2nH1DGm7s3n1oBnohoVTBaN7Lww==",
        "dependencies": {
          "is-docker": "is-docker@2.2.1"
        }
      },
      "jsonwebtoken@9.0.2": {
        "integrity": "sha512-PRp66vJ865SSqOlgqS8hujT5U4AOgMfhrwYIuIhfKaoSCZcirrmASQr8CX7cUg+RMih+hgznrjp99o+W4pJLHQ==",
        "dependencies": {
          "jws": "jws@3.2.2",
          "lodash.includes": "lodash.includes@4.3.0",
          "lodash.isboolean": "lodash.isboolean@3.0.3",
          "lodash.isinteger": "lodash.isinteger@4.0.4",
          "lodash.isnumber": "lodash.isnumber@3.0.3",
          "lodash.isplainobject": "lodash.isplainobject@4.0.6",
          "lodash.isstring": "lodash.isstring@4.0.1",
          "lodash.once": "lodash.once@4.1.1",
          "ms": "ms@2.1.3",
          "semver": "semver@7.5.4"
        }
      },
      "jwa@1.4.1": {
        "integrity": "sha512-qiLX/xhEEFKUAJ6FiBMbes3w9ATzyk5W7Hvzpa/SLYdxNtng+gcurvrI7TbACjIXlsJyr05/S1oUhZrc63evQA==",
        "dependencies": {
          "buffer-equal-constant-time": "buffer-equal-constant-time@1.0.1",
          "ecdsa-sig-formatter": "ecdsa-sig-formatter@1.0.11",
          "safe-buffer": "safe-buffer@5.2.1"
        }
      },
      "jwa@2.0.0": {
        "integrity": "sha512-jrZ2Qx916EA+fq9cEAeCROWPTfCwi1IVHqT2tapuqLEVVDKFDENFw1oL+MwrTvH6msKxsd1YTDVw6uKEcsrLEA==",
        "dependencies": {
          "buffer-equal-constant-time": "buffer-equal-constant-time@1.0.1",
          "ecdsa-sig-formatter": "ecdsa-sig-formatter@1.0.11",
          "safe-buffer": "safe-buffer@5.2.1"
        }
      },
      "jws@3.2.2": {
        "integrity": "sha512-YHlZCB6lMTllWDtSPHz/ZXTsi8S00usEV6v1tjq8tOUZzw7DpSDWVXjXDre6ed1w/pd495ODpHZYSdkRTsa0HA==",
        "dependencies": {
          "jwa": "jwa@1.4.1",
          "safe-buffer": "safe-buffer@5.2.1"
        }
      },
      "jws@4.0.0": {
        "integrity": "sha512-KDncfTmOZoOMTFG4mBlG0qUIOlc03fmzH+ru6RgYVZhPkyiy/92Owlt/8UEN+a4TXR1FQetfIpJE8ApdvdVxTg==",
        "dependencies": {
          "jwa": "jwa@2.0.0",
          "safe-buffer": "safe-buffer@5.2.1"
        }
      },
      "lodash.includes@4.3.0": {
        "integrity": "sha512-W3Bx6mdkRTGtlJISOvVD/lbqjTlPPUDTMnlXZFnVwi9NKJ6tiAk6LVdlhZMm17VZisqhKcgzpO5Wz91PCt5b0w==",
        "dependencies": {}
      },
      "lodash.isboolean@3.0.3": {
        "integrity": "sha512-Bz5mupy2SVbPHURB98VAcw+aHh4vRV5IPNhILUCsOzRmsTmSQ17jIuqopAentWoehktxGd9e/hbIXq980/1QJg==",
        "dependencies": {}
      },
      "lodash.isinteger@4.0.4": {
        "integrity": "sha512-DBwtEWN2caHQ9/imiNeEA5ys1JoRtRfY3d7V9wkqtbycnAmTvRRmbHKDV4a0EYc678/dia0jrte4tjYwVBaZUA==",
        "dependencies": {}
      },
      "lodash.isnumber@3.0.3": {
        "integrity": "sha512-QYqzpfwO3/CWf3XP+Z+tkQsfaLL/EnUlXWVkIk5FUPc4sBdTehEqZONuyRt2P67PXAk+NXmTBcc97zw9t1FQrw==",
        "dependencies": {}
      },
      "lodash.isplainobject@4.0.6": {
        "integrity": "sha512-oSXzaWypCMHkPC3NvBEaPHf0KsA5mvPrOPgQWDsbg8n7orZ290M0BmC/jgRZ4vcJ6DTAhjrsSYgdsW/F+MFOBA==",
        "dependencies": {}
      },
      "lodash.isstring@4.0.1": {
        "integrity": "sha512-0wJxfxH1wgO3GrbuP+dTTk7op+6L41QCXbGINEmD+ny/G/eCqGzxyCsh7159S+mgDDcoarnBw6PC1PS5+wUGgw==",
        "dependencies": {}
      },
      "lodash.once@4.1.1": {
        "integrity": "sha512-Sb487aTOCr9drQVL8pIxOzVhafOjZN9UU54hiN8PU3uAiSV7lx1yYNpbNmex2PK6dSJoNTSJUUswT651yww3Mg==",
        "dependencies": {}
      },
      "lru-cache@6.0.0": {
        "integrity": "sha512-Jo6dJ04CmSjuznwJSS3pUeWmd/H0ffTlkXXgwZi+eq1UCmqQwCh+eLsYOYCwY991i2Fah4h1BEMCx4qThGbsiA==",
        "dependencies": {
          "yallist": "yallist@4.0.0"
        }
      },
      "mime-db@1.52.0": {
        "integrity": "sha512-sPU4uV7dYlvtWJxwwxHD0PuihVNiE7TyAbQ5SWxDCB9mUYvOgroQOwYQQOKPJ8CIbE+1ETVlOoK1UC2nU3gYvg==",
        "dependencies": {}
      },
      "mime-types@2.1.35": {
        "integrity": "sha512-ZDY+bPm5zTTF+YpCrAU9nK0UgICYPT0QtT1NZWFv4s++TNkcgVaT0g6+4R2uI4MjQjzysHB1zxuWL50hzaeXiw==",
        "dependencies": {
          "mime-db": "mime-db@1.52.0"
        }
      },
      "ms@2.1.2": {
        "integrity": "sha512-sGkPx+VjMtmA6MX27oA4FBFELFCZZ4S4XqeGOXCv68tT+jb3vk/RyaKWP0PTKyWtmLSM0b+adUTEvbs1PEaH2w==",
        "dependencies": {}
      },
      "ms@2.1.3": {
        "integrity": "sha512-6FlzubTLZG3J2a/NVCAleEhjzq5oxgHyaCU9yYXvcLsvoVaHJq/s5xXI6/XXP6tz7R9xAOtHnSO/tXtF3WRTlA==",
        "dependencies": {}
      },
      "open@8.4.2": {
        "integrity": "sha512-7x81NCL719oNbsq/3mh+hVrAWmFuEYUqrq/Iw3kUzH8ReypT9QQ0BLoJS7/G9k6N81XjW4qHWtjWwe/9eLy1EQ==",
        "dependencies": {
          "define-lazy-prop": "define-lazy-prop@2.0.0",
          "is-docker": "is-docker@2.2.1",
          "is-wsl": "is-wsl@2.2.0"
        }
      },
      "proxy-from-env@1.1.0": {
        "integrity": "sha512-D+zkORCbA9f1tdWRK0RaCR3GPv50cMxcrz4X8k5LTSUD1Dkw47mKJEZQNunItRTkWwgtaUSo1RVFRIG9ZXiFYg==",
        "dependencies": {}
      },
      "readable-stream@3.6.2": {
        "integrity": "sha512-9u/sniCrY3D5WdsERHzHE4G2YCXqoG5FTHUiCC4SIbr6XcLZBY05ya9EKjYek9O5xOAwjGq+1JdGBAS7Q9ScoA==",
        "dependencies": {
          "inherits": "inherits@2.0.4",
          "string_decoder": "string_decoder@1.3.0",
          "util-deprecate": "util-deprecate@1.0.2"
        }
      },
      "safe-buffer@5.2.1": {
        "integrity": "sha512-rp3So07KcdmmKbGvgaNxQSJr7bGVSVk5S9Eq1F+ppbRo70+YeaDxkw5Dd8NPN+GD6bjnYm2VuPuCXmpuYvmCXQ==",
        "dependencies": {}
      },
      "semver@7.5.4": {
        "integrity": "sha512-1bCSESV6Pv+i21Hvpxp3Dx+pSD8lIPt8uVjRrxAUt/nbswYc+tK6Y2btiULjd4+fnq15PX+nqQDC7Oft7WkwcA==",
        "dependencies": {
          "lru-cache": "lru-cache@6.0.0"
        }
      },
      "stoppable@1.1.0": {
        "integrity": "sha512-KXDYZ9dszj6bzvnEMRYvxgeTHU74QBFL54XKtP3nyMuJ81CFYtABZ3bAzL2EdFUaEwJOBOgENyFj3R7oTzDyyw==",
        "dependencies": {}
      },
      "stream-http@3.2.0": {
        "integrity": "sha512-Oq1bLqisTyK3TSCXpPbT4sdeYNdmyZJv1LxpEm2vu1ZhK89kSE5YXwZc3cWk0MagGaKriBh9mCFbVGtO+vY29A==",
        "dependencies": {
          "builtin-status-codes": "builtin-status-codes@3.0.0",
          "inherits": "inherits@2.0.4",
          "readable-stream": "readable-stream@3.6.2",
          "xtend": "xtend@4.0.2"
        }
      },
      "string_decoder@1.3.0": {
        "integrity": "sha512-hkRX8U1WjJFd8LsDJ2yQ/wWWxaopEsABU1XfkM8A+j0+85JAGppt16cr1Whg6KIbb4okU6Mql6BOj+uup/wKeA==",
        "dependencies": {
          "safe-buffer": "safe-buffer@5.2.1"
        }
      },
      "tslib@2.6.2": {
        "integrity": "sha512-AEYxH93jGFPn/a2iVAwW87VuUIkR1FVUKB77NwMF7nBTDkDrrT/Hpt/IrCJ0QXhW27jTBDcf5ZY7w6RiqTMw2Q==",
        "dependencies": {}
      },
      "util-deprecate@1.0.2": {
        "integrity": "sha512-EPD5q1uXyFxJpCrLnCc1nHnq3gOa6DZBocAIiI2TaSCA7VCJ1UJDMagCzIkXNsUYfD1daK//LTEQ8xiIbrHtcw==",
        "dependencies": {}
      },
      "uuid@8.3.2": {
        "integrity": "sha512-+NYs2QeMWy+GWFOEm9xnn6HCDp0l7QBD7ml8zLUmJ+93Q5NF0NocErnwkTkXVFNiX3/fpC6afS8Dhb/gz7R7eg==",
        "dependencies": {}
      },
      "xtend@4.0.2": {
        "integrity": "sha512-LKYU1iAXJXUgAXn9URjiu+MWhyUXHsvfp7mcuYm9dSUKK0/CjtrUwFAxD82/mCWbtLsGjFIad0wIsod4zrTAEQ==",
        "dependencies": {}
      },
      "yallist@4.0.0": {
        "integrity": "sha512-3wdGidZyq5PB084XLES5TpOSRA3wjXAlIWMhum2kRcv/41Sn2emQ0dycQW4uZXLejwKvg6EsvbdlVL+FYEct7A==",
        "dependencies": {}
      }
    }
  },
  "remote": {
    "https://deno.land/std@0.84.0/_util/assert.ts": "2f868145a042a11d5ad0a3c748dcf580add8a0dbc0e876eaa0026303a5488f58",
    "https://deno.land/std@0.84.0/_util/has_own_property.ts": "f5edd94ed3f3c20c517d812045deb97977e18501c9b7105b5f5c11a31893d7a2",
    "https://deno.land/std@0.84.0/_util/os.ts": "e282950a0eaa96760c0cf11e7463e66babd15ec9157d4c9ed49cc0925686f6a7",
    "https://deno.land/std@0.84.0/async/deferred.ts": "f89ed49ba5e1dd0227c6bd5b23f017be46c3f92e4f0338dda08ff5aa54b9f6c9",
    "https://deno.land/std@0.84.0/async/delay.ts": "9de1d8d07d1927767ab7f82434b883f3d8294fb19cad819691a2ad81a728cf3d",
    "https://deno.land/std@0.84.0/async/mod.ts": "253b41c658d768613eacfb11caa0a9ca7148442f932018a45576f7f27554c853",
    "https://deno.land/std@0.84.0/async/mux_async_iterator.ts": "b9091909db04cdb0af6f7807677372f64c1488de6c4bd86004511b064bf230d6",
    "https://deno.land/std@0.84.0/async/pool.ts": "35db39af9325252a726761953ca4fed8f5483c95630bbb29c7c5ccc18e536c85",
    "https://deno.land/std@0.84.0/bytes/mod.ts": "1ae1ccfe98c4b979f12b015982c7444f81fcb921bea7aa215bf37d84f46e1e13",
    "https://deno.land/std@0.84.0/encoding/utf8.ts": "ce9becd1224dea119636a4cdcbce9dae016eb2cce4154d4fa352da166321a7b8",
    "https://deno.land/std@0.84.0/fmt/colors.ts": "d253f2367e5feebcf0f49676533949c09ea07a2d95fb74958f6f5c1c22fbec49",
    "https://deno.land/std@0.84.0/hash/sha1.ts": "1cca324b4b253885a47f121adafcfac55b4cc96113e22b338e1db26f37a730b8",
    "https://deno.land/std@0.84.0/hash/sha256.ts": "2a06afd9c27942b87ffc8a93b3270065b5fe4ea144fe0939e5d050bfb86d40db",
    "https://deno.land/std@0.84.0/http/_io.ts": "4c64f9897779ad9fe2377f5eecf70731acd6a05b10d47a87d4a42fd6e772a354",
    "https://deno.land/std@0.84.0/http/http_status.ts": "ebaa9bebfb8adc3d7b20c49e11037e4eefd79629ad80d81383933f4cdc91b3eb",
    "https://deno.land/std@0.84.0/http/server.ts": "7d393332295f839bfb99b094c382fc342874c315617c14acbb8e8b294c997bc9",
    "https://deno.land/std@0.84.0/io/bufio.ts": "60d292248c8b32b3d8d13a4336b0c381b2dce5b9c9b50a4930205dea87eaf456",
    "https://deno.land/std@0.84.0/io/ioutil.ts": "a6c9cd94d4cbdcebc1e407403523819c6b9eae67fcba302574b337062705384c",
    "https://deno.land/std@0.84.0/path/_constants.ts": "1247fee4a79b70c89f23499691ef169b41b6ccf01887a0abd131009c5581b853",
    "https://deno.land/std@0.84.0/path/_interface.ts": "1fa73b02aaa24867e481a48492b44f2598cd9dfa513c7b34001437007d3642e4",
    "https://deno.land/std@0.84.0/path/_util.ts": "f4fa69aa3cbbd8568763bfc43c7236875015ba343602d8bafd332b4b4243681b",
    "https://deno.land/std@0.84.0/path/common.ts": "eaf03d08b569e8a87e674e4e265e099f237472b6fd135b3cbeae5827035ea14a",
    "https://deno.land/std@0.84.0/path/glob.ts": "4a524c1c9da3e79a9fdabdc6e850cd9e41bdf31e442856ffa19c5b123268ca95",
    "https://deno.land/std@0.84.0/path/mod.ts": "4465dc494f271b02569edbb4a18d727063b5dbd6ed84283ff906260970a15d12",
    "https://deno.land/std@0.84.0/path/posix.ts": "1408f8ba482a4dc5fc0a7cd7be28bbbff9608d2b3b5ffdcf288ae1228d959add",
    "https://deno.land/std@0.84.0/path/separator.ts": "8fdcf289b1b76fd726a508f57d3370ca029ae6976fcde5044007f062e643ff1c",
    "https://deno.land/std@0.84.0/path/win32.ts": "6ca052f54500f00cd7a5172fde62900626ab620dcd5bdcf4e6f5695d001ddef6",
    "https://deno.land/std@0.84.0/testing/_diff.ts": "961eaf6d9f5b0a8556c9d835bbc6fa74f5addd7d3b02728ba7936ff93364f7a3",
    "https://deno.land/std@0.84.0/testing/asserts.ts": "de942b2e1cb6dac1c1c4a7b698be017337e2e2cc2252ae0a6d215c5befde1e82",
    "https://deno.land/std@0.84.0/textproto/mod.ts": "d0fe22dbc44095c388a290027ff42a5f4f4b33d1f19fde765066dd588152d67a",
    "https://deno.land/std@0.84.0/ws/mod.ts": "3021598b0f150717c79737e1817e6eadbb2731ce71cfa5d39a38b684c64cfe7f",
    "https://deno.land/x/media_types@v2.7.1/db.ts": "1d95aa3fc1fe076638550640609394f0e157b18b430800e419aa7ece5c151d9c",
    "https://deno.land/x/media_types@v2.7.1/deps.ts": "cd4c31e4b5ed8c4d8c61bd2fb38a82d68d3fd2dcf6d43f22511cbe6d9d310e51",
    "https://deno.land/x/media_types@v2.7.1/mod.ts": "d63583b978d32eff8b76e1ae5d83cba2fb27baa90cc1bcb0ad15a06122ea8c19",
    "https://deno.land/x/oak@v6.4.2/application.ts": "b82275abfcb1ca31125b7400beebe9c86c5b6d3609bb2a233cd472410c07a8c0",
    "https://deno.land/x/oak@v6.4.2/body.ts": "036c1e3cf54d1cae24b18bf5c2287ab930cd230c474b86fb6f6fade1ccf811ec",
    "https://deno.land/x/oak@v6.4.2/buf_reader.ts": "ced6a04ac8f529a18e1e85182ffe0cf82ee9477e1a8f5441a02e923f62bebc54",
    "https://deno.land/x/oak@v6.4.2/content_disposition.ts": "9603abf371d2b29b083232ae207d3aac204d9d4f140e4fb41f6e9a3940fd3048",
    "https://deno.land/x/oak@v6.4.2/context.ts": "3def03a088ef146df6ddcacac1c7a4a1be7e37b34201dd3efff090e259bc9be2",
    "https://deno.land/x/oak@v6.4.2/cookies.ts": "3cc0f6a087e97ed3d8b86f6a4e8be85be178a46a5eb924981c026885e288036a",
    "https://deno.land/x/oak@v6.4.2/deps.ts": "a6757a882d0e9a747b9896738c03f1b668ec723fc51bc4c89860edc249733177",
    "https://deno.land/x/oak@v6.4.2/headers.ts": "c45c087298d5a6d5727feb1456783fad115ff0789b686594e68cb56dfafba1a5",
    "https://deno.land/x/oak@v6.4.2/helpers.ts": "f300fb35be2673f6ec2807a4442560ad16c5ad95b600a88eb9d4d52d176758a6",
    "https://deno.land/x/oak@v6.4.2/httpError.ts": "33ebe66afd1d5381146836ed9e24010c5c0a2d47b93a8e93a99033ef1fb04840",
    "https://deno.land/x/oak@v6.4.2/isMediaType.ts": "e7457f8c14245a7bb9a3a48000d50e112bb6fcafeab8fd7bcff16363a0cd8687",
    "https://deno.land/x/oak@v6.4.2/keyStack.ts": "a930034061dc8255160ebb3ad274c674ec3370066f33e348f4794723be93c39b",
    "https://deno.land/x/oak@v6.4.2/mediaTyper.ts": "042b853fc8e9c3f6c628dd389e03ef481552bf07242efc3f8a1af042102a6105",
    "https://deno.land/x/oak@v6.4.2/middleware.ts": "d3172050f00e36e8060240b90f26665ca78407bb6c66f911d5a9197914b9826a",
    "https://deno.land/x/oak@v6.4.2/mod.ts": "2471c648cf3bf94520aa077bd2fc5810ee290b01af63774b47529cd1197aac03",
    "https://deno.land/x/oak@v6.4.2/multipart.ts": "f8adebccb63dee2c10ccaf2697e2d735b4ce582a0d0284e60ada70a8e5899712",
    "https://deno.land/x/oak@v6.4.2/negotiation/charset.ts": "b4c2e0c49dd5122f130f95bf29508448d983c424801b5bc304b00288b5ae3195",
    "https://deno.land/x/oak@v6.4.2/negotiation/common.ts": "f54d599d37408005f8c565d0f6505de51fed31feaa3654a7758e2359c006b02c",
    "https://deno.land/x/oak@v6.4.2/negotiation/encoding.ts": "60eb0fc3df57cc39eaa739e0e9e2cda6c20b3aa429d1a0108f503065f5709bbe",
    "https://deno.land/x/oak@v6.4.2/negotiation/language.ts": "62ef13ea3146538dd52a4666611bd423ebb9a6438e7312398e17a4d16dbafb51",
    "https://deno.land/x/oak@v6.4.2/negotiation/mediaType.ts": "7e25cc34600beea3bf0b0879ff1783c752260fcb517dffea2e122830c36e8451",
    "https://deno.land/x/oak@v6.4.2/request.ts": "3a8d8f4b319e944ca0e8d655021f21c7f7406be48d8713e65f512f2e1cfcdc28",
    "https://deno.land/x/oak@v6.4.2/response.ts": "7a39cfc0b519b15fcc17fbdec8ebd5a1769ead0c28f3a3fd44ecdff8315a0712",
    "https://deno.land/x/oak@v6.4.2/router.ts": "4a7d81ae8f67e204dcafedcd1ee26ce94824925c33a84b6010e5820bbcce36e6",
    "https://deno.land/x/oak@v6.4.2/send.ts": "70988cc588ff57b033625972c95c3a31b0dfc567c3f40acfbbe845b41993be82",
    "https://deno.land/x/oak@v6.4.2/server_sent_event.ts": "74506e4ef0e119992962c54733a6620c95840c2d5eabe5e672e56a047eeda111",
    "https://deno.land/x/oak@v6.4.2/tssCompare.ts": "bb88898156aad3157c30eebf87bc7312a2099f099c135090a937734fd8a15978",
    "https://deno.land/x/oak@v6.4.2/util.ts": "a6994ab0466760b4fcb230b131329aa5cebc54992007cda5e053b2a46f53f03e",
    "https://deno.land/x/path_to_regexp@v6.2.0/index.ts": "e94c04a44bbecac99ff2db2d831afe98b423e627b775cb57fc7935f848c64c51",
    "https://raw.githubusercontent.com/anthonychu/azure-functions-deno-worker/main/mod.ts": "dec931f43fa8f6d1b86501b7bc2bcea6aac7daf5d64c013af0a34de0b8afca67",
    "https://raw.githubusercontent.com/anthonychu/azure-functions-deno-worker/main/types.ts": "0be33b6b028e68fdf3dec02c9def1ab23848e8c3bfe2d7a5ba436be69bcf11d6",
    "https://raw.githubusercontent.com/anthonychu/azure-functions-deno-worker/main/worker_deps.ts": "8c9fd1b9441c861f81af67ddf3d30f53be2d9b7edcf32700b958aa44f67dc804"
  }
}
